
Microsoft Visual Studio Solution File, Format Version 12.00
# Visual Studio Version 16
VisualStudioVersion = 16.0.29409.12
MinimumVisualStudioVersion = 10.0.40219.1
Project("{FAE04EC0-301F-11D3-BF4B-00C04F79EFBC}") = "USB Barcode Scanner Tutorial - C-Sharp", "USB Barcode Scanner Tutorial - C-Sharp.csproj", "{90D625DA-6531-484B-AA83-CC2AFC688CC2}"
EndProject
Global
	GlobalSection(SolutionConfigurationPlatforms) = preSolution
		Debug|Any CPU = Debug|Any CPU
		Release|Any CPU = Release|Any CPU
	EndGlobalSection
	GlobalSection(ProjectConfigurationPlatforms) = postSolution
		{90D625DA-6531-484B-AA83-CC2AFC688CC2}.Debug|Any CPU.ActiveCfg = Debug|Any CPU
		{90D625DA-6531-484B-AA83-CC2AFC688CC2}.Debug|Any CPU.Build.0 = Debug|Any CPU
		{90D625DA-6531-484B-AA83-CC2AFC688CC2}.Release|Any CPU.ActiveCfg = Release|Any CPU
		{90D625DA-6531-484B-AA83-CC2AFC688CC2}.Release|Any CPU.Build.0 = Release|Any CPU
	EndGlobalSection
	GlobalSection(SolutionProperties) = preSolution
		HideSolutionNode = FALSE
	EndGlobalSection
	GlobalSection(ExtensibilityGlobals) = postSolution
		SolutionGuid = {82F507DA-EDAD-4CD8-8F4C-F5D7725097A3}
	EndGlobalSection
EndGlobal
